lockfileVersion: '9.0'

settings:
  autoInstallPeers: true
  excludeLinksFromLockfile: false

importers:

  .: {}

  packages/server:
    dependencies:
      ccxt:
        specifier: ^4.4.50
        version: 4.4.50
      fastify:
        specifier: ^5.2.1
        version: 5.2.1
      ws:
        specifier: ^8.18.0
        version: 8.18.0
      zod:
        specifier: ^3.24.1
        version: 3.24.1
    devDependencies:
      bun-types:
        specifier: ^1.2.2
        version: 1.2.2
      tsx:
        specifier: ^4.19.2
        version: 4.19.2
      typescript:
        specifier: ^5.7.3
        version: 5.7.3

  packages/web:
    devDependencies:
      typescript:
        specifier: ^5.7.3
        version: 5.7.3
      vite:
        specifier: ^6.0.11
        version: 6.0.11

packages:

  ccxt@4.4.50:
    resolution: {integrity: sha512-Zf1x0qkvMxKp3vC2Y6zC+8N0Ihg+bZ8vB2zLh6dK5fj0EaW3zC1PZzM6H0m8gJm4S5o8m3M7qgy8u1nO0dY3kQ==}
    engines: {node: '>=15.0.0'}

  fastify@5.2.1:
    resolution: {integrity: sha512-rqrRm3z1z6yEmwpg9cMW5tk6bIfBnJHkpJZ2s94lRhUP9ib3E8gJ2onmzUV4/1c1UDpVXtGvjmuhmLoTOQnl9w==}

  tsx@4.19.2:
    resolution: {integrity: sha512-pOUl6Vo2LUq/bSa8S5q7b91cgNSjctn9ugq/+Mvow99qW6x/UZYwzxy/3NmqoT66eHYfCVvFvACC58UBPFf28g==}
    engines: {node: '>=18.0.0'}
    hasBin: true

  typescript@5.7.3:
    resolution: {integrity: sha512-84MVSjMEHP+FQRPy3pX9sTVV/INIex71s9TL2Gm5FG/WG1SqXeKyZ0k7/blY/4FdOzI12CBy1vGc4og/eus0fw==}
    engines: {node: '>=14.17'}
    hasBin: true

  vite@6.0.11:
    resolution: {integrity: sha512-4VL9mQPKoHy4+FE0NnRE/kbY51TOfaknxAjt3fJbGJxhIpBZiqVzlZDEesWWsuREXHwNdAoOFZ9MkPEVXczHwg==}
    engines: {node: ^18.0.0 || ^20.0.0 || >=22.0.0}
    hasBin: true

  ws@8.18.0:
    resolution: {integrity: sha512-8VbfWfHLbbwu3+N6OKsOMpBdT4kXPDDB9cJk2bJ6mh9ucxdlnNvH1e+roYkKmN9Nxw2yjz7VzeO9oOz2zJ04Pw==}
    engines: {node: '>=10.0.0'}

  zod@3.24.1:
    resolution: {integrity: sha512-muH7gBL9sI1nciMZV67X5fTKKBLtwpZ5VBp1vsOQzj1MhrBZ4wlVCm3gedKZWLp0Oyel8sIGfeiz54Su+OM6Gw==}

  bun-types@1.2.2:
    resolution: {integrity: sha512-RCbMH5elr9gjgDGDhGTTt6sXlVS48fFYqDDkNr1cJbu1gWVLy+cmpkxyHtT9f8BuFXLFvSTOSAvEsbHRKk5uJw==}

snapshots:

  ccxt@4.4.50: {}

  fastify@5.2.1: {}

  tsx@4.19.2: {}

  typescript@5.7.3: {}

  vite@6.0.11: {}

  ws@8.18.0: {}

  zod@3.24.1: {}

  bun-types@1.2.2: {}
